
Microsoft Visual Studio Solution File, Format Version 12.00
# Visual Studio Version 17
VisualStudioVersion = 17.2.32505.173
MinimumVisualStudioVersion = 10.0.40219.1
Project("{FAE04EC0-301F-11D3-BF4B-00C04F79EFBC}") = "MultiThreadedSearch", "MultiThreadedSearch\MultiThreadedSearch.csproj", "{D525ED22-CC0E-44C1-AD90-416DAAFEA7E6}"
EndProject
Global
	GlobalSection(SolutionConfigurationPlatforms) = preSolution
		Debug|Any CPU = Debug|Any CPU
		Release|Any CPU = Release|Any CPU
	EndGlobalSection
	GlobalSection(ProjectConfigurationPlatforms) = postSolution
		{D525ED22-CC0E-44C1-AD90-416DAAFEA7E6}.Debug|Any CPU.ActiveCfg = Debug|Any CPU
		{D525ED22-CC0E-44C1-AD90-416DAAFEA7E6}.Debug|Any CPU.Build.0 = Debug|Any CPU
		{D525ED22-CC0E-44C1-AD90-416DAAFEA7E6}.Release|Any CPU.ActiveCfg = Release|Any CPU
		{D525ED22-CC0E-44C1-AD90-416DAAFEA7E6}.Release|Any CPU.Build.0 = Release|Any CPU
	EndGlobalSection
	GlobalSection(SolutionProperties) = preSolution
		HideSolutionNode = FALSE
	EndGlobalSection
	GlobalSection(ExtensibilityGlobals) = postSolution
		SolutionGuid = {10CCCFAA-913E-44C1-A4D0-D3BB53034566}
	EndGlobalSection
EndGlobal
